{
  "name": "foxy_test",
  "lockfileVersion": 3,
  "requires": true,
  "packages": {
    "": {
      "dependencies": {
        "hello_foxy": "^1.0.0"
      }
    },
    "node_modules/hello_foxy": {
      "version": "1.0.0",
      "resolved": "https://registry.npmjs.org/hello_foxy/-/hello_foxy-1.0.0.tgz",
      "integrity": "sha512-8ShbgiAa20koKVEcY0OrckyteVeQt1TUmThZHJY8cht+AhSwjrLrH/idvI2ILQULI8ivwnPg7fZa1I8yM3Y70g=="
    }
  }
}
